{
  "version": "5",
  "remote": {
    "https://edge.netlify.com/": "fd941d61d88673d5f28aab283fb86fcc50f08a3bc80ee5470498fcfa88c65cfb",
    "https://edge.netlify.com/bootstrap/config.ts": "6a2ce0e544e15e8f8883a5c18da5948e37fd0f2619f68cb31f3af53c51817025",
    "https://edge.netlify.com/bootstrap/context.ts": "e97240232121e2f369f6546ce961490f34d961ea1ea54be3ff09633e3f08373f",
    "https://edge.netlify.com/bootstrap/cookie.ts": "8b0baae708989ca183c6f3b4ab3d029e6abcbc2e43f93edeb0ff447b3bbc3a05",
    "https://edge.netlify.com/bootstrap/edge_function.ts": "b8253e86aa83c67341f5cfedeba5049d77fbf84dcab7eceff7566b7728ae9b39",
    "https://edge.netlify.com/bootstrap/globals/types.ts": "eaa6148ded3121d8dee62dd91c86e7fe76601df0f3ca8d7962243a30f4c8935f"
  },
  "workspace": {
    "packageJson": {
      "dependencies": [
        "npm:@netlify/plugin-nextjs@5.15.8",
        "npm:@typescript-eslint/eslint-plugin@7",
        "npm:@typescript-eslint/parser@7",
        "npm:eslint-config-prettier@^9.1.0",
        "npm:eslint-plugin-react-hooks@^4.6.0",
        "npm:eslint-plugin-react@^7.34.0",
        "npm:eslint@^8.57.0",
        "npm:netlify-cli@24.0.1",
        "npm:prettier-plugin-tailwindcss@0.6",
        "npm:prettier@^3.4.0",
        "npm:turbo@^2.3.0",
        "npm:typescript@^5.4.0"
      ]
    },
    "members": {
      "apps/client-admin": {
        "packageJson": {
          "dependencies": [
            "npm:@repo/auth@*",
            "npm:@repo/hooks@*",
            "npm:@repo/services@*",
            "npm:@repo/types@*",
            "npm:@repo/ui@*",
            "npm:@repo/utils@*",
            "npm:@types/node@^20.11.0",
            "npm:@types/react-dom@^18.2.0",
            "npm:@types/react@^18.2.0",
            "npm:autoprefixer@^10.4.0",
            "npm:eslint-config-next@^14.2.0",
            "npm:eslint@^8.57.0",
            "npm:next@^14.2.0",
            "npm:postcss@^8.4.0",
            "npm:react-dom@^18.2.0",
            "npm:react@^18.2.0",
            "npm:tailwindcss@^3.4.0",
            "npm:typescript@^5.4.0"
          ]
        }
      },
      "apps/public-site": {
        "packageJson": {
          "dependencies": [
            "npm:@repo/hooks@*",
            "npm:@repo/types@*",
            "npm:@repo/ui@*",
            "npm:@repo/utils@*",
            "npm:@types/node@^20.11.0",
            "npm:@types/react-dom@^18.2.0",
            "npm:@types/react@^18.2.0",
            "npm:autoprefixer@^10.4.0",
            "npm:eslint-config-next@^14.2.0",
            "npm:eslint@^8.57.0",
            "npm:next@^14.2.0",
            "npm:postcss@^8.4.0",
            "npm:react-dom@^18.2.0",
            "npm:react@^18.2.0",
            "npm:tailwindcss@^3.4.0",
            "npm:typescript@^5.4.0"
          ]
        }
      },
      "apps/super-admin": {
        "packageJson": {
          "dependencies": [
            "npm:@repo/auth@*",
            "npm:@repo/hooks@*",
            "npm:@repo/services@*",
            "npm:@repo/types@*",
            "npm:@repo/ui@*",
            "npm:@repo/utils@*",
            "npm:@types/node@^20.11.0",
            "npm:@types/react-dom@^18.2.0",
            "npm:@types/react@^18.2.0",
            "npm:autoprefixer@^10.4.0",
            "npm:eslint-config-next@^14.2.0",
            "npm:eslint@^8.57.0",
            "npm:next@^14.2.0",
            "npm:postcss@^8.4.0",
            "npm:react-dom@^18.2.0",
            "npm:react@^18.2.0",
            "npm:tailwindcss@^3.4.0",
            "npm:typescript@^5.4.0"
          ]
        }
      },
      "packages/api-client": {
        "packageJson": {
          "dependencies": [
            "npm:axios@^1.6.0"
          ]
        }
      },
      "packages/design-system": {
        "packageJson": {
          "dependencies": [
            "npm:autoprefixer@^10.4.0",
            "npm:postcss@^8.4.0",
            "npm:tailwindcss@^3.4.0"
          ]
        }
      },
      "shared/auth": {
        "packageJson": {
          "dependencies": [
            "npm:@repo/api-client@*",
            "npm:@types/react@^18.2.0",
            "npm:axios@^1.6.0",
            "npm:next@>=14.0.0",
            "npm:react@>=18.0.0",
            "npm:typescript@^5.4.0",
            "npm:zustand-persist@0.4",
            "npm:zustand@^4.5.0"
          ]
        }
      },
      "shared/hooks": {
        "packageJson": {
          "dependencies": [
            "npm:@types/react@^18.2.0",
            "npm:typescript@^5.4.0"
          ]
        }
      },
      "shared/services": {
        "packageJson": {
          "dependencies": [
            "npm:@repo/api-client@*",
            "npm:typescript@^5.4.0",
            "npm:zustand@^5.0.11"
          ]
        }
      },
      "shared/types": {
        "packageJson": {
          "dependencies": [
            "npm:typescript@^5.4.0"
          ]
        }
      },
      "shared/ui": {
        "packageJson": {
          "dependencies": [
            "npm:@types/react-dom@^18.2.0",
            "npm:@types/react@^18.2.0",
            "npm:typescript@^5.4.0"
          ]
        }
      },
      "shared/utils": {
        "packageJson": {
          "dependencies": [
            "npm:typescript@^5.4.0"
          ]
        }
      }
    }
  }
}
